{
  "version": 4,
  "terraform_version": "0.12.13",
  "serial": 5,
  "lineage": "f1096387-44be-5532-4a46-dc8df8c559f7",
  "outputs": {},
  "resources": [
    {
      "mode": "managed",
      "type": "google_cloudbuild_trigger",
      "name": "default",
      "provider": "provider.google",
      "instances": [
        {
          "schema_version": 1,
          "attributes": {
            "build": [],
            "create_time": "2019-11-03T07:12:35.600086421Z",
            "description": "",
            "disabled": false,
            "filename": "nodejs-api/infra/staging/cloudbuild.yml",
            "id": "xenon-computer-257314/1fad3c2b-e571-4b4b-a58f-65d0ea01e29d",
            "ignored_files": null,
            "included_files": [
              "nodejs-api/src/**"
            ],
            "project": "xenon-computer-257314",
            "substitutions": null,
            "timeouts": null,
            "trigger_id": "1fad3c2b-e571-4b4b-a58f-65d0ea01e29d",
            "trigger_template": [
              {
                "branch_name": "master",
                "commit_sha": "",
                "dir": "",
                "project_id": "xenon-computer-257314",
                "repo_name": "github_YuitoSato_gcp-yuito-sandbox",
                "tag_name": ""
              }
            ]
          },
          "private": "eyJlMmJmYjczMC1lY2FhLTExZTYtOGY4OC0zNDM2M2JjN2M0YzAiOnsiY3JlYXRlIjoyNDAwMDAwMDAwMDAsImRlbGV0ZSI6MjQwMDAwMDAwMDAwLCJ1cGRhdGUiOjI0MDAwMDAwMDAwMH0sInNjaGVtYV92ZXJzaW9uIjoiMSJ9"
        }
      ]
    },
    {
      "mode": "managed",
      "type": "google_compute_global_address",
      "name": "ip_address",
      "provider": "provider.google",
      "instances": [
        {
          "schema_version": 0,
          "attributes": {
            "address": "34.102.222.20",
            "address_type": "EXTERNAL",
            "creation_timestamp": "2019-11-03T00:12:35.269-07:00",
            "description": "",
            "id": "gcp-yuito-sandbox-static-ip",
            "ip_version": "",
            "name": "gcp-yuito-sandbox-static-ip",
            "network": "",
            "prefix_length": 0,
            "project": "xenon-computer-257314",
            "purpose": "",
            "self_link": "https://www.googleapis.com/compute/v1/projects/xenon-computer-257314/global/addresses/gcp-yuito-sandbox-static-ip",
            "timeouts": null
          },
          "private": "eyJlMmJmYjczMC1lY2FhLTExZTYtOGY4OC0zNDM2M2JjN2M0YzAiOnsiY3JlYXRlIjoyNDAwMDAwMDAwMDAsImRlbGV0ZSI6MjQwMDAwMDAwMDAwfX0="
        }
      ]
    },
    {
      "mode": "managed",
      "type": "google_compute_network",
      "name": "default",
      "provider": "provider.google",
      "instances": [
        {
          "schema_version": 0,
          "attributes": {
            "auto_create_subnetworks": false,
            "delete_default_routes_on_create": false,
            "description": "",
            "gateway_ipv4": "",
            "id": "gcp-yuito-sandbox",
            "ipv4_range": "",
            "name": "gcp-yuito-sandbox",
            "project": "xenon-computer-257314",
            "routing_mode": "REGIONAL",
            "self_link": "https://www.googleapis.com/compute/v1/projects/xenon-computer-257314/global/networks/gcp-yuito-sandbox",
            "timeouts": null
          },
          "private": "eyJlMmJmYjczMC1lY2FhLTExZTYtOGY4OC0zNDM2M2JjN2M0YzAiOnsiY3JlYXRlIjoyNDAwMDAwMDAwMDAsImRlbGV0ZSI6MjQwMDAwMDAwMDAwLCJ1cGRhdGUiOjI0MDAwMDAwMDAwMH19"
        }
      ]
    },
    {
      "mode": "managed",
      "type": "google_compute_subnetwork",
      "name": "default",
      "provider": "provider.google",
      "instances": [
        {
          "schema_version": 0,
          "attributes": {
            "creation_timestamp": "2019-11-03T00:12:53.200-07:00",
            "description": "",
            "enable_flow_logs": false,
            "fingerprint": "at1QL6NzlOs=",
            "gateway_address": "10.127.0.1",
            "id": "us-east1/gcp-yuito-sandbox",
            "ip_cidr_range": "10.127.0.0/20",
            "name": "gcp-yuito-sandbox",
            "network": "https://www.googleapis.com/compute/v1/projects/xenon-computer-257314/global/networks/gcp-yuito-sandbox",
            "private_ip_google_access": true,
            "project": "xenon-computer-257314",
            "region": "us-east1",
            "secondary_ip_range": [],
            "self_link": "https://www.googleapis.com/compute/v1/projects/xenon-computer-257314/regions/us-east1/subnetworks/gcp-yuito-sandbox",
            "timeouts": null
          },
          "private": "eyJlMmJmYjczMC1lY2FhLTExZTYtOGY4OC0zNDM2M2JjN2M0YzAiOnsiY3JlYXRlIjozNjAwMDAwMDAwMDAsImRlbGV0ZSI6MzYwMDAwMDAwMDAwLCJ1cGRhdGUiOjM2MDAwMDAwMDAwMH19",
          "depends_on": [
            "google_compute_network.default"
          ]
        }
      ]
    }
  ]
}
