{
  "version": 4,
  "terraform_version": "0.12.13",
  "serial": 7,
  "lineage": "f1096387-44be-5532-4a46-dc8df8c559f7",
  "outputs": {},
  "resources": [
    {
      "mode": "managed",
      "type": "google_cloudbuild_trigger",
      "name": "default",
      "provider": "provider.google",
      "instances": [
        {
          "schema_version": 1,
          "attributes": {
            "build": [],
            "create_time": "2019-11-03T07:12:35.600086421Z",
            "description": "",
            "disabled": false,
            "filename": "nodejs-api/infra/staging/cloudbuild.yml",
            "id": "xenon-computer-257314/1fad3c2b-e571-4b4b-a58f-65d0ea01e29d",
            "ignored_files": [],
            "included_files": [
              "nodejs-api/src/**"
            ],
            "project": "xenon-computer-257314",
            "substitutions": {},
            "timeouts": null,
            "trigger_id": "1fad3c2b-e571-4b4b-a58f-65d0ea01e29d",
            "trigger_template": [
              {
                "branch_name": "master",
                "commit_sha": "",
                "dir": "",
                "project_id": "xenon-computer-257314",
                "repo_name": "github_YuitoSato_gcp-yuito-sandbox",
                "tag_name": ""
              }
            ]
          },
          "private": "eyJlMmJmYjczMC1lY2FhLTExZTYtOGY4OC0zNDM2M2JjN2M0YzAiOnsiY3JlYXRlIjoyNDAwMDAwMDAwMDAsImRlbGV0ZSI6MjQwMDAwMDAwMDAwLCJ1cGRhdGUiOjI0MDAwMDAwMDAwMH0sInNjaGVtYV92ZXJzaW9uIjoiMSJ9"
        }
      ]
    },
    {
      "mode": "managed",
      "type": "google_compute_global_address",
      "name": "ip_address",
      "provider": "provider.google",
      "instances": [
        {
          "schema_version": 0,
          "attributes": {
            "address": "34.102.222.20",
            "address_type": "EXTERNAL",
            "creation_timestamp": "2019-11-03T00:12:35.269-07:00",
            "description": "",
            "id": "gcp-yuito-sandbox-static-ip",
            "ip_version": "",
            "name": "gcp-yuito-sandbox-static-ip",
            "network": "",
            "prefix_length": 0,
            "project": "xenon-computer-257314",
            "purpose": "",
            "self_link": "https://www.googleapis.com/compute/v1/projects/xenon-computer-257314/global/addresses/gcp-yuito-sandbox-static-ip",
            "timeouts": null
          },
          "private": "eyJlMmJmYjczMC1lY2FhLTExZTYtOGY4OC0zNDM2M2JjN2M0YzAiOnsiY3JlYXRlIjoyNDAwMDAwMDAwMDAsImRlbGV0ZSI6MjQwMDAwMDAwMDAwfX0="
        }
      ]
    },
    {
      "mode": "managed",
      "type": "google_compute_network",
      "name": "default",
      "provider": "provider.google",
      "instances": [
        {
          "schema_version": 0,
          "attributes": {
            "auto_create_subnetworks": false,
            "delete_default_routes_on_create": false,
            "description": "",
            "gateway_ipv4": "",
            "id": "gcp-yuito-sandbox",
            "ipv4_range": "",
            "name": "gcp-yuito-sandbox",
            "project": "xenon-computer-257314",
            "routing_mode": "REGIONAL",
            "self_link": "https://www.googleapis.com/compute/v1/projects/xenon-computer-257314/global/networks/gcp-yuito-sandbox",
            "timeouts": null
          },
          "private": "eyJlMmJmYjczMC1lY2FhLTExZTYtOGY4OC0zNDM2M2JjN2M0YzAiOnsiY3JlYXRlIjoyNDAwMDAwMDAwMDAsImRlbGV0ZSI6MjQwMDAwMDAwMDAwLCJ1cGRhdGUiOjI0MDAwMDAwMDAwMH19"
        }
      ]
    },
    {
      "mode": "managed",
      "type": "google_compute_subnetwork",
      "name": "default",
      "provider": "provider.google",
      "instances": [
        {
          "schema_version": 0,
          "attributes": {
            "creation_timestamp": "2019-11-03T00:12:53.200-07:00",
            "description": "",
            "enable_flow_logs": false,
            "fingerprint": "at1QL6NzlOs=",
            "gateway_address": "10.127.0.1",
            "id": "us-east1/gcp-yuito-sandbox",
            "ip_cidr_range": "10.127.0.0/20",
            "name": "gcp-yuito-sandbox",
            "network": "https://www.googleapis.com/compute/v1/projects/xenon-computer-257314/global/networks/gcp-yuito-sandbox",
            "private_ip_google_access": true,
            "project": "xenon-computer-257314",
            "region": "us-east1",
            "secondary_ip_range": [],
            "self_link": "https://www.googleapis.com/compute/v1/projects/xenon-computer-257314/regions/us-east1/subnetworks/gcp-yuito-sandbox",
            "timeouts": null
          },
          "private": "eyJlMmJmYjczMC1lY2FhLTExZTYtOGY4OC0zNDM2M2JjN2M0YzAiOnsiY3JlYXRlIjozNjAwMDAwMDAwMDAsImRlbGV0ZSI6MzYwMDAwMDAwMDAwLCJ1cGRhdGUiOjM2MDAwMDAwMDAwMH19",
          "depends_on": [
            "google_compute_network.default"
          ]
        }
      ]
    },
    {
      "mode": "managed",
      "type": "google_container_cluster",
      "name": "default",
      "provider": "provider.google",
      "instances": [
        {
          "schema_version": 1,
          "attributes": {
            "additional_zones": [],
            "addons_config": [
              {
                "horizontal_pod_autoscaling": [],
                "http_load_balancing": [],
                "kubernetes_dashboard": [
                  {
                    "disabled": true
                  }
                ],
                "network_policy_config": [
                  {
                    "disabled": true
                  }
                ]
              }
            ],
            "cluster_autoscaling": [],
            "cluster_ipv4_cidr": "10.52.0.0/14",
            "default_max_pods_per_node": 110,
            "description": "",
            "enable_binary_authorization": null,
            "enable_intranode_visibility": null,
            "enable_kubernetes_alpha": false,
            "enable_legacy_abac": true,
            "enable_tpu": null,
            "endpoint": "34.74.242.134",
            "id": "gcp-yuito-sandbox",
            "initial_node_count": 3,
            "instance_group_urls": [
              "https://www.googleapis.com/compute/v1/projects/xenon-computer-257314/zones/us-east1-b/instanceGroups/gke-gcp-yuito-sandbox-default-pool-0293f8e9-grp"
            ],
            "ip_allocation_policy": [],
            "location": "us-east1-b",
            "logging_service": "logging.googleapis.com",
            "maintenance_policy": [],
            "master_auth": [
              {
                "client_certificate": "",
                "client_certificate_config": [
                  {
                    "issue_client_certificate": false
                  }
                ],
                "client_key": "",
                "cluster_ca_certificate": "LS0tLS1CRUdJTiBDRVJUSUZJQ0FURS0tLS0tCk1JSURERENDQWZTZ0F3SUJBZ0lSQUpNNm1ER2xGNTZ2T0Jjai80YTZLZlV3RFFZSktvWklodmNOQVFFTEJRQXcKTHpFdE1Dc0dBMVVFQXhNa05qSXpZMkkyTURVdE9EWmtOaTAwTm1WakxUazJNekl0TnpkaVlUazVOVEl3Tm1FMgpNQjRYRFRFNU1URXdNekEyTVRVMU9Gb1hEVEkwTVRFd01UQTNNVFUxT0Zvd0x6RXRNQ3NHQTFVRUF4TWtOakl6ClkySTJNRFV0T0Raa05pMDBObVZqTFRrMk16SXROemRpWVRrNU5USXdObUUyTUlJQklqQU5CZ2txaGtpRzl3MEIKQVFFRkFBT0NBUThBTUlJQkNnS0NBUUVBbjdSeXdiK0FpNGVnMzBTRUhrMVJIYVJxQXhBOWVsZk9nUEdPeDlPSQo1R2xBMzF4ZWMwM2hTbEFHRU9WdDNvTjNscEUveGNxUVJMb1ljVkVOT2RxczNPdVM4ODdiSlR4YStPS1RUL3FwCjdsaW44NFRaTGJwSGMzRGZGWE1YSHNuOXBhSmQ5QnV0bzMybDhUcVBjTnlpSCt5NWpBWXBtQ0N1TnVLbzhIRlYKYjI0VjdsOUZ0cy83akJpZURJMm5uZUJuN211NFl4SkthYzYrWkhQOFdSREt1bjZxeWRDRDF5U1JMeG1kbGlRcApqelhaZTJFaE1FTCt4V3N6OHRzc0RtOU1oOWVDOXZrWVRRWUt2VGNyWm12bEVBT1piZ1Znbjg2VENnRWg1WkkrCjdPT1JlbFFUblZNdmc2VzdiTFVDWUJ6VkI5aTFqOXdLY2tocnRYVTVRNXlkMlFJREFRQUJveU13SVRBT0JnTlYKSFE4QkFmOEVCQU1DQWdRd0R3WURWUjBUQVFIL0JBVXdBd0VCL3pBTkJna3Foa2lHOXcwQkFRc0ZBQU9DQVFFQQpXZG8wOW5GY04zeXhRVFcrVXJlQXNnbHJKdllDL294cmR6SXgyTDV0S0xRUlYxWVlVSFZiN1Zhc25KUSt4SWJ1CmhlREhHMGVjUi9xY0thcmZkeGhRWENPbWtoSG96L2drSDkvaHFoSkFtVC8yaG9ROUpUTG01alRNME4rRnpJQVAKdFp3RTM0blpRL1NSM0crb2VPcDZNR3U2ZHdpcE55R3Z5eFQzN29GL3R0ZEZuYmwyVDd0RzgvR25lRXhqRlE5Wgp4VEFXRTlqS3VLRFJ1b01zNzB0cUtPNEVVLzdrWStTTVJQUkFuY3ZaVm5TSkY0bkpPaVFWVks0T0dWeTJvL3hWCjdsQmJWVWtieWpGc0ovMFgzNGtuRnFoOWViMjBTS3dZVkhsRWJvd20zbXdJb25aVklNQ2JYRWo1cXZ1bDQvVTMKK3VDRzc5NGtMVFZDaFdYR1Rpbk1Zdz09Ci0tLS0tRU5EIENFUlRJRklDQVRFLS0tLS0K",
                "password": "",
                "username": ""
              }
            ],
            "master_authorized_networks_config": [],
            "master_version": "1.13.11-gke.9",
            "min_master_version": "1.13.11-gke.9",
            "monitoring_service": "monitoring.googleapis.com",
            "name": "gcp-yuito-sandbox",
            "network": "projects/xenon-computer-257314/global/networks/gcp-yuito-sandbox",
            "network_policy": [
              {
                "enabled": false,
                "provider": "PROVIDER_UNSPECIFIED"
              }
            ],
            "node_config": [
              {
                "disk_size_gb": 100,
                "disk_type": "pd-standard",
                "guest_accelerator": [],
                "image_type": "COS",
                "labels": {},
                "local_ssd_count": 0,
                "machine_type": "g1-small",
                "metadata": {
                  "disable-legacy-endpoints": "true"
                },
                "min_cpu_platform": "",
                "oauth_scopes": [
                  "https://www.googleapis.com/auth/compute",
                  "https://www.googleapis.com/auth/devstorage.read_only",
                  "https://www.googleapis.com/auth/logging.write",
                  "https://www.googleapis.com/auth/monitoring"
                ],
                "preemptible": true,
                "sandbox_config": [],
                "service_account": "default",
                "shielded_instance_config": [
                  {
                    "enable_integrity_monitoring": true,
                    "enable_secure_boot": false
                  }
                ],
                "tags": null,
                "taint": [],
                "workload_metadata_config": []
              }
            ],
            "node_locations": [],
            "node_pool": [
              {
                "autoscaling": [],
                "initial_node_count": 3,
                "instance_group_urls": [
                  "https://www.googleapis.com/compute/v1/projects/xenon-computer-257314/zones/us-east1-b/instanceGroupManagers/gke-gcp-yuito-sandbox-default-pool-0293f8e9-grp"
                ],
                "management": [
                  {
                    "auto_repair": false,
                    "auto_upgrade": false
                  }
                ],
                "max_pods_per_node": 0,
                "name": "default-pool",
                "name_prefix": "",
                "node_config": [
                  {
                    "disk_size_gb": 100,
                    "disk_type": "pd-standard",
                    "guest_accelerator": [],
                    "image_type": "COS",
                    "labels": {},
                    "local_ssd_count": 0,
                    "machine_type": "g1-small",
                    "metadata": {
                      "disable-legacy-endpoints": "true"
                    },
                    "min_cpu_platform": "",
                    "oauth_scopes": [
                      "https://www.googleapis.com/auth/compute",
                      "https://www.googleapis.com/auth/devstorage.read_only",
                      "https://www.googleapis.com/auth/logging.write",
                      "https://www.googleapis.com/auth/monitoring"
                    ],
                    "preemptible": true,
                    "sandbox_config": [],
                    "service_account": "default",
                    "shielded_instance_config": [
                      {
                        "enable_integrity_monitoring": true,
                        "enable_secure_boot": false
                      }
                    ],
                    "tags": [],
                    "taint": [],
                    "workload_metadata_config": []
                  }
                ],
                "node_count": 3,
                "version": "1.13.11-gke.9"
              }
            ],
            "node_version": "1.13.11-gke.9",
            "pod_security_policy_config": [],
            "private_cluster_config": [],
            "project": "xenon-computer-257314",
            "region": null,
            "remove_default_node_pool": null,
            "resource_labels": null,
            "services_ipv4_cidr": "10.55.240.0/20",
            "subnetwork": "projects/xenon-computer-257314/regions/us-east1/subnetworks/gcp-yuito-sandbox",
            "timeouts": null,
            "zone": "us-east1-b"
          },
          "private": "eyJlMmJmYjczMC1lY2FhLTExZTYtOGY4OC0zNDM2M2JjN2M0YzAiOnsiY3JlYXRlIjoxODAwMDAwMDAwMDAwLCJkZWxldGUiOjE4MDAwMDAwMDAwMDAsInVwZGF0ZSI6MzYwMDAwMDAwMDAwMH0sInNjaGVtYV92ZXJzaW9uIjoiMSJ9",
          "depends_on": [
            "google_compute_subnetwork.default"
          ]
        }
      ]
    }
  ]
}
